# THIS IS AN AUTOGENERATED FILE. DO NOT EDIT THIS FILE DIRECTLY.
# yarn lockfile v1


bignumber.js@^9.0.0:
  version "9.0.1"
  resolved "https://registry.npmjs.org/bignumber.js/-/bignumber.js-9.0.1.tgz"
  integrity sha512-IdZR9mh6ahOBv/hYGiXyVuyCetmGJhtYkqLBpTStdhEGjegpPlUawydyaF3pbIOFynJTpllEs+NP+CS9jKFLjA==

ieee754@^1.1.13:
  version "1.2.1"
  resolved "https://registry.npmjs.org/ieee754/-/ieee754-1.2.1.tgz"
  integrity sha512-dcyqhDvX1C46lXZcVqCpK+FtMRQVdIMN6/Df5js2zouUsqG7I6sFxitIC+7KYK29KdXOLHdu9zL4sFnoVQnqaA==

iso-url@^1.1.5:
  version "1.1.5"
  resolved "https://registry.npmjs.org/iso-url/-/iso-url-1.1.5.tgz"
  integrity sha512-+3JqoKdBTGmyv9vOkS6b9iHhvK34UajfTibrH/1HOK8TI7K2VsM0qOCd+aJdWKtSOA8g3PqZfcwDmnR0p3klqQ==
